// !$*UTF8*$!
{
	archiveVersion = 1;
	classes = {
	};
	objectVersion = 55;
	objects = {

/* Begin PBXBuildFile section */
		6A444FC4286D968E001026E1 /* LoadFromFile.swift in Sources */ = {isa = PBXBuildFile; fileRef = 6A444FC3286D968E001026E1 /* LoadFromFile.swift */; };
		6A444FC6286D9706001026E1 /* previewUser.json in Resources */ = {isa = PBXBuildFile; fileRef = 6A444FC5286D9706001026E1 /* previewUser.json */; };
		6A444FD1286DBBC3001026E1 /* CacheAsyncImage.swift in Sources */ = {isa = PBXBuildFile; fileRef = 6A444FD0286DBBC3001026E1 /* CacheAsyncImage.swift */; };
		6A444FD3286DC011001026E1 /* ErrorView.swift in Sources */ = {isa = PBXBuildFile; fileRef = 6A444FD2286DC011001026E1 /* ErrorView.swift */; };
		6A59A9BF28643823006B532E /* CharacterCardView.swift in Sources */ = {isa = PBXBuildFile; fileRef = 6A59A9BE28643822006B532E /* CharacterCardView.swift */; };
		6A59A9C1286449DA006B532E /* previewImage.swift in Sources */ = {isa = PBXBuildFile; fileRef = 6A59A9C0286449DA006B532E /* previewImage.swift */; };
		6A7F7F8128636F01008EAC02 /* Character.swift in Sources */ = {isa = PBXBuildFile; fileRef = 6A7F7F8028636F01008EAC02 /* Character.swift */; };
		6A7F7F8328636F68008EAC02 /* Network.swift in Sources */ = {isa = PBXBuildFile; fileRef = 6A7F7F8228636F68008EAC02 /* Network.swift */; };
		6A85838B28634A1C00BC68A7 /* TheBreakingOfTheBadApp.swift in Sources */ = {isa = PBXBuildFile; fileRef = 6A85838A28634A1C00BC68A7 /* TheBreakingOfTheBadApp.swift */; };
		6A85838D28634A1C00BC68A7 /* ContentView.swift in Sources */ = {isa = PBXBuildFile; fileRef = 6A85838C28634A1C00BC68A7 /* ContentView.swift */; };
		6A85838F28634A1D00BC68A7 /* Assets.xcassets in Resources */ = {isa = PBXBuildFile; fileRef = 6A85838E28634A1D00BC68A7 /* Assets.xcassets */; };
		6A85839228634A1D00BC68A7 /* Preview Assets.xcassets in Resources */ = {isa = PBXBuildFile; fileRef = 6A85839128634A1D00BC68A7 /* Preview Assets.xcassets */; };
		6A87B29528657CE100BC3865 /* CharacterDetailView.swift in Sources */ = {isa = PBXBuildFile; fileRef = 6A87B29428657CE100BC3865 /* CharacterDetailView.swift */; };
		6A87B29728657DCB00BC3865 /* Quote.swift in Sources */ = {isa = PBXBuildFile; fileRef = 6A87B29628657DCB00BC3865 /* Quote.swift */; };
/* End PBXBuildFile section */

/* Begin PBXFileReference section */
		6A444FC3286D968E001026E1 /* LoadFromFile.swift */ = {isa = PBXFileReference; lastKnownFileType = sourcecode.swift; path = LoadFromFile.swift; sourceTree = "<group>"; };
		6A444FC5286D9706001026E1 /* previewUser.json */ = {isa = PBXFileReference; fileEncoding = 4; lastKnownFileType = text.json; path = previewUser.json; sourceTree = "<group>"; };
		6A444FD0286DBBC3001026E1 /* CacheAsyncImage.swift */ = {isa = PBXFileReference; lastKnownFileType = sourcecode.swift; path = CacheAsyncImage.swift; sourceTree = "<group>"; };
		6A444FD2286DC011001026E1 /* ErrorView.swift */ = {isa = PBXFileReference; lastKnownFileType = sourcecode.swift; path = ErrorView.swift; sourceTree = "<group>"; };
		6A59A9BE28643822006B532E /* CharacterCardView.swift */ = {isa = PBXFileReference; lastKnownFileType = sourcecode.swift; path = CharacterCardView.swift; sourceTree = "<group>"; };
		6A59A9C0286449DA006B532E /* previewImage.swift */ = {isa = PBXFileReference; lastKnownFileType = sourcecode.swift; path = previewImage.swift; sourceTree = "<group>"; };
		6A7F7F8028636F01008EAC02 /* Character.swift */ = {isa = PBXFileReference; lastKnownFileType = sourcecode.swift; path = Character.swift; sourceTree = "<group>"; };
		6A7F7F8228636F68008EAC02 /* Network.swift */ = {isa = PBXFileReference; lastKnownFileType = sourcecode.swift; path = Network.swift; sourceTree = "<group>"; };
		6A85838728634A1C00BC68A7 /* TheBreakingOfTheBad.app */ = {isa = PBXFileReference; explicitFileType = wrapper.application; includeInIndex = 0; path = TheBreakingOfTheBad.app; sourceTree = BUILT_PRODUCTS_DIR; };
		6A85838A28634A1C00BC68A7 /* TheBreakingOfTheBadApp.swift */ = {isa = PBXFileReference; lastKnownFileType = sourcecode.swift; path = TheBreakingOfTheBadApp.swift; sourceTree = "<group>"; };
		6A85838C28634A1C00BC68A7 /* ContentView.swift */ = {isa = PBXFileReference; lastKnownFileType = sourcecode.swift; path = ContentView.swift; sourceTree = "<group>"; };
		6A85838E28634A1D00BC68A7 /* Assets.xcassets */ = {isa = PBXFileReference; lastKnownFileType = folder.assetcatalog; path = Assets.xcassets; sourceTree = "<group>"; };
		6A85839128634A1D00BC68A7 /* Preview Assets.xcassets */ = {isa = PBXFileReference; lastKnownFileType = folder.assetcatalog; path = "Preview Assets.xcassets"; sourceTree = "<group>"; };
		6A87B29428657CE100BC3865 /* CharacterDetailView.swift */ = {isa = PBXFileReference; lastKnownFileType = sourcecode.swift; path = CharacterDetailView.swift; sourceTree = "<group>"; };
		6A87B29628657DCB00BC3865 /* Quote.swift */ = {isa = PBXFileReference; lastKnownFileType = sourcecode.swift; path = Quote.swift; sourceTree = "<group>"; };
/* End PBXFileReference section */

/* Begin PBXFrameworksBuildPhase section */
		6A85838428634A1C00BC68A7 /* Frameworks */ = {
			isa = PBXFrameworksBuildPhase;
			buildActionMask = 2147483647;
			files = (
			);
			runOnlyForDeploymentPostprocessing = 0;
		};
/* End PBXFrameworksBuildPhase section */

/* Begin PBXGroup section */
		6A444FC7286DAFBF001026E1 /* Utils */ = {
			isa = PBXGroup;
			children = (
				6A7F7F8228636F68008EAC02 /* Network.swift */,
				6A444FD0286DBBC3001026E1 /* CacheAsyncImage.swift */,
			);
			path = Utils;
			sourceTree = "<group>";
		};
		6A85837E28634A1C00BC68A7 = {
			isa = PBXGroup;
			children = (
				6A85838928634A1C00BC68A7 /* TheBreakingOfTheBad */,
				6A85838828634A1C00BC68A7 /* Products */,
			);
			sourceTree = "<group>";
		};
		6A85838828634A1C00BC68A7 /* Products */ = {
			isa = PBXGroup;
			children = (
				6A85838728634A1C00BC68A7 /* TheBreakingOfTheBad.app */,
			);
			name = Products;
			sourceTree = "<group>";
		};
		6A85838928634A1C00BC68A7 /* TheBreakingOfTheBad */ = {
			isa = PBXGroup;
			children = (
				6A85838A28634A1C00BC68A7 /* TheBreakingOfTheBadApp.swift */,
				6A85839A28634F3200BC68A7 /* Controller */,
				6A85839928634F2D00BC68A7 /* View */,
				6A444FC7286DAFBF001026E1 /* Utils */,
				6A85839828634F2600BC68A7 /* Model */,
				6A85838E28634A1D00BC68A7 /* Assets.xcassets */,
				6A85839028634A1D00BC68A7 /* Preview Content */,
			);
			path = TheBreakingOfTheBad;
			sourceTree = "<group>";
		};
		6A85839028634A1D00BC68A7 /* Preview Content */ = {
			isa = PBXGroup;
			children = (
				6A59A9C0286449DA006B532E /* previewImage.swift */,
				6A444FC5286D9706001026E1 /* previewUser.json */,
				6A85839128634A1D00BC68A7 /* Preview Assets.xcassets */,
				6A444FC3286D968E001026E1 /* LoadFromFile.swift */,
			);
			path = "Preview Content";
			sourceTree = "<group>";
		};
		6A85839828634F2600BC68A7 /* Model */ = {
			isa = PBXGroup;
			children = (
				6A7F7F8028636F01008EAC02 /* Character.swift */,
				6A87B29628657DCB00BC3865 /* Quote.swift */,
			);
			path = Model;
			sourceTree = "<group>";
		};
		6A85839928634F2D00BC68A7 /* View */ = {
			isa = PBXGroup;
			children = (
				6A59A9BE28643822006B532E /* CharacterCardView.swift */,
				6A87B29428657CE100BC3865 /* CharacterDetailView.swift */,
				6A444FD2286DC011001026E1 /* ErrorView.swift */,
			);
			path = View;
			sourceTree = "<group>";
		};
		6A85839A28634F3200BC68A7 /* Controller */ = {
			isa = PBXGroup;
			children = (
				6A85838C28634A1C00BC68A7 /* ContentView.swift */,
			);
			path = Controller;
			sourceTree = "<group>";
		};
/* End PBXGroup section */

/* Begin PBXNativeTarget section */
		6A85838628634A1C00BC68A7 /* TheBreakingOfTheBad */ = {
			isa = PBXNativeTarget;
			buildConfigurationList = 6A85839528634A1D00BC68A7 /* Build configuration list for PBXNativeTarget "TheBreakingOfTheBad" */;
			buildPhases = (
				6A85838328634A1C00BC68A7 /* Sources */,
				6A85838428634A1C00BC68A7 /* Frameworks */,
				6A85838528634A1C00BC68A7 /* Resources */,
			);
			buildRules = (
			);
			dependencies = (
			);
			name = TheBreakingOfTheBad;
			productName = TheBreakingOfTheBad;
			productReference = 6A85838728634A1C00BC68A7 /* TheBreakingOfTheBad.app */;
			productType = "com.apple.product-type.application";
		};
/* End PBXNativeTarget section */

/* Begin PBXProject section */
		6A85837F28634A1C00BC68A7 /* Project object */ = {
			isa = PBXProject;
			attributes = {
				BuildIndependentTargetsInParallel = 1;
				LastSwiftUpdateCheck = 1340;
				LastUpgradeCheck = 1340;
				TargetAttributes = {
					6A85838628634A1C00BC68A7 = {
						CreatedOnToolsVersion = 13.4.1;
					};
				};
			};
			buildConfigurationList = 6A85838228634A1C00BC68A7 /* Build configuration list for PBXProject "TheBreakingOfTheBad" */;
			compatibilityVersion = "Xcode 13.0";
			developmentRegion = en;
			hasScannedForEncodings = 0;
			knownRegions = (
				en,
				Base,
			);
			mainGroup = 6A85837E28634A1C00BC68A7;
			productRefGroup = 6A85838828634A1C00BC68A7 /* Products */;
			projectDirPath = "";
			projectRoot = "";
			targets = (
				6A85838628634A1C00BC68A7 /* TheBreakingOfTheBad */,
			);
		};
/* End PBXProject section */

/* Begin PBXResourcesBuildPhase section */
		6A85838528634A1C00BC68A7 /* Resources */ = {
			isa = PBXResourcesBuildPhase;
			buildActionMask = 2147483647;
			files = (
				6A444FC6286D9706001026E1 /* previewUser.json in Resources */,
				6A85839228634A1D00BC68A7 /* Preview Assets.xcassets in Resources */,
				6A85838F28634A1D00BC68A7 /* Assets.xcassets in Resources */,
			);
			runOnlyForDeploymentPostprocessing = 0;
		};
/* End PBXResourcesBuildPhase section */

/* Begin PBXSourcesBuildPhase section */
		6A85838328634A1C00BC68A7 /* Sources */ = {
			isa = PBXSourcesBuildPhase;
			buildActionMask = 2147483647;
			files = (
				6A59A9C1286449DA006B532E /* previewImage.swift in Sources */,
				6A444FD1286DBBC3001026E1 /* CacheAsyncImage.swift in Sources */,
				6A7F7F8128636F01008EAC02 /* Character.swift in Sources */,
				6A59A9BF28643823006B532E /* CharacterCardView.swift in Sources */,
				6A87B29528657CE100BC3865 /* CharacterDetailView.swift in Sources */,
				6A87B29728657DCB00BC3865 /* Quote.swift in Sources */,
				6A85838D28634A1C00BC68A7 /* ContentView.swift in Sources */,
				6A444FC4286D968E001026E1 /* LoadFromFile.swift in Sources */,
				6A7F7F8328636F68008EAC02 /* Network.swift in Sources */,
				6A85838B28634A1C00BC68A7 /* TheBreakingOfTheBadApp.swift in Sources */,
				6A444FD3286DC011001026E1 /* ErrorView.swift in Sources */,
			);
			runOnlyForDeploymentPostprocessing = 0;
		};
/* End PBXSourcesBuildPhase section */

/* Begin XCBuildConfiguration section */
		6A85839328634A1D00BC68A7 /* Debug */ = {
			isa = XCBuildConfiguration;
			buildSettings = {
				ALWAYS_SEARCH_USER_PATHS = NO;
				CLANG_ANALYZER_NONNULL = YES;
				CLANG_ANALYZER_NUMBER_OBJECT_CONVERSION = YES_AGGRESSIVE;
				CLANG_CXX_LANGUAGE_STANDARD = "gnu++17";
				CLANG_ENABLE_MODULES = YES;
				CLANG_ENABLE_OBJC_ARC = YES;
				CLANG_ENABLE_OBJC_WEAK = YES;
				CLANG_WARN_BLOCK_CAPTURE_AUTORELEASING = YES;
				CLANG_WARN_BOOL_CONVERSION = YES;
				CLANG_WARN_COMMA = YES;
				CLANG_WARN_CONSTANT_CONVERSION = YES;
				CLANG_WARN_DEPRECATED_OBJC_IMPLEMENTATIONS = YES;
				CLANG_WARN_DIRECT_OBJC_ISA_USAGE = YES_ERROR;
				CLANG_WARN_DOCUMENTATION_COMMENTS = YES;
				CLANG_WARN_EMPTY_BODY = YES;
				CLANG_WARN_ENUM_CONVERSION = YES;
				CLANG_WARN_INFINITE_RECURSION = YES;
				CLANG_WARN_INT_CONVERSION = YES;
				CLANG_WARN_NON_LITERAL_NULL_CONVERSION = YES;
				CLANG_WARN_OBJC_IMPLICIT_RETAIN_SELF = YES;
				CLANG_WARN_OBJC_LITERAL_CONVERSION = YES;
				CLANG_WARN_OBJC_ROOT_CLASS = YES_ERROR;
				CLANG_WARN_QUOTED_INCLUDE_IN_FRAMEWORK_HEADER = YES;
				CLANG_WARN_RANGE_LOOP_ANALYSIS = YES;
				CLANG_WARN_STRICT_PROTOTYPES = YES;
				CLANG_WARN_SUSPICIOUS_MOVE = YES;
				CLANG_WARN_UNGUARDED_AVAILABILITY = YES_AGGRESSIVE;
				CLANG_WARN_UNREACHABLE_CODE = YES;
				CLANG_WARN__DUPLICATE_METHOD_MATCH = YES;
				COPY_PHASE_STRIP = NO;
				DEBUG_INFORMATION_FORMAT = dwarf;
				ENABLE_STRICT_OBJC_MSGSEND = YES;
				ENABLE_TESTABILITY = YES;
				GCC_C_LANGUAGE_STANDARD = gnu11;
				GCC_DYNAMIC_NO_PIC = NO;
				GCC_NO_COMMON_BLOCKS = YES;
				GCC_OPTIMIZATION_LEVEL = 0;
				GCC_PREPROCESSOR_DEFINITIONS = (
					"DEBUG=1",
					"$(inherited)",
				);
				GCC_WARN_64_TO_32_BIT_CONVERSION = YES;
				GCC_WARN_ABOUT_RETURN_TYPE = YES_ERROR;
				GCC_WARN_UNDECLARED_SELECTOR = YES;
				GCC_WARN_UNINITIALIZED_AUTOS = YES_AGGRESSIVE;
				GCC_WARN_UNUSED_FUNCTION = YES;
				GCC_WARN_UNUSED_VARIABLE = YES;
				IPHONEOS_DEPLOYMENT_TARGET = 15.5;
				MTL_ENABLE_DEBUG_INFO = INCLUDE_SOURCE;
				MTL_FAST_MATH = YES;
				ONLY_ACTIVE_ARCH = YES;
				SDKROOT = iphoneos;
				SWIFT_ACTIVE_COMPILATION_CONDITIONS = DEBUG;
				SWIFT_OPTIMIZATION_LEVEL = "-Onone";
			};
			name = Debug;
		};
		6A85839428634A1D00BC68A7 /* Release */ = {
			isa = XCBuildConfiguration;
			buildSettings = {
				ALWAYS_SEARCH_USER_PATHS = NO;
				CLANG_ANALYZER_NONNULL = YES;
				CLANG_ANALYZER_NUMBER_OBJECT_CONVERSION = YES_AGGRESSIVE;
				CLANG_CXX_LANGUAGE_STANDARD = "gnu++17";
				CLANG_ENABLE_MODULES = YES;
				CLANG_ENABLE_OBJC_ARC = YES;
				CLANG_ENABLE_OBJC_WEAK = YES;
				CLANG_WARN_BLOCK_CAPTURE_AUTORELEASING = YES;
				CLANG_WARN_BOOL_CONVERSION = YES;
				CLANG_WARN_COMMA = YES;
				CLANG_WARN_CONSTANT_CONVERSION = YES;
				CLANG_WARN_DEPRECATED_OBJC_IMPLEMENTATIONS = YES;
				CLANG_WARN_DIRECT_OBJC_ISA_USAGE = YES_ERROR;
				CLANG_WARN_DOCUMENTATION_COMMENTS = YES;
				CLANG_WARN_EMPTY_BODY = YES;
				CLANG_WARN_ENUM_CONVERSION = YES;
				CLANG_WARN_INFINITE_RECURSION = YES;
				CLANG_WARN_INT_CONVERSION = YES;
				CLANG_WARN_NON_LITERAL_NULL_CONVERSION = YES;
				CLANG_WARN_OBJC_IMPLICIT_RETAIN_SELF = YES;
				CLANG_WARN_OBJC_LITERAL_CONVERSION = YES;
				CLANG_WARN_OBJC_ROOT_CLASS = YES_ERROR;
				CLANG_WARN_QUOTED_INCLUDE_IN_FRAMEWORK_HEADER = YES;
				CLANG_WARN_RANGE_LOOP_ANALYSIS = YES;
				CLANG_WARN_STRICT_PROTOTYPES = YES;
				CLANG_WARN_SUSPICIOUS_MOVE = YES;
				CLANG_WARN_UNGUARDED_AVAILABILITY = YES_AGGRESSIVE;
				CLANG_WARN_UNREACHABLE_CODE = YES;
				CLANG_WARN__DUPLICATE_METHOD_MATCH = YES;
				COPY_PHASE_STRIP = NO;
				DEBUG_INFORMATION_FORMAT = "dwarf-with-dsym";
				ENABLE_NS_ASSERTIONS = NO;
				ENABLE_STRICT_OBJC_MSGSEND = YES;
				GCC_C_LANGUAGE_STANDARD = gnu11;
				GCC_NO_COMMON_BLOCKS = YES;
				GCC_WARN_64_TO_32_BIT_CONVERSION = YES;
				GCC_WARN_ABOUT_RETURN_TYPE = YES_ERROR;
				GCC_WARN_UNDECLARED_SELECTOR = YES;
				GCC_WARN_UNINITIALIZED_AUTOS = YES_AGGRESSIVE;
				GCC_WARN_UNUSED_FUNCTION = YES;
				GCC_WARN_UNUSED_VARIABLE = YES;
				IPHONEOS_DEPLOYMENT_TARGET = 15.5;
				MTL_ENABLE_DEBUG_INFO = NO;
				MTL_FAST_MATH = YES;
				SDKROOT = iphoneos;
				SWIFT_COMPILATION_MODE = wholemodule;
				SWIFT_OPTIMIZATION_LEVEL = "-O";
				VALIDATE_PRODUCT = YES;
			};
			name = Release;
		};
		6A85839628634A1D00BC68A7 /* Debug */ = {
			isa = XCBuildConfiguration;
			buildSettings = {
				ASSETCATALOG_COMPILER_APPICON_NAME = AppIcon;
				ASSETCATALOG_COMPILER_GLOBAL_ACCENT_COLOR_NAME = AccentColor;
				CODE_SIGN_STYLE = Automatic;
				CURRENT_PROJECT_VERSION = 1;
				DEVELOPMENT_ASSET_PATHS = "\"TheBreakingOfTheBad/Preview Content\"";
				DEVELOPMENT_TEAM = 8K52FAQ674;
				ENABLE_PREVIEWS = YES;
				GENERATE_INFOPLIST_FILE = YES;
				INFOPLIST_KEY_UIApplicationSceneManifest_Generation = YES;
				INFOPLIST_KEY_UIApplicationSupportsIndirectInputEvents = YES;
				INFOPLIST_KEY_UILaunchScreen_Generation = YES;
				INFOPLIST_KEY_UISupportedInterfaceOrientations_iPad = "UIInterfaceOrientationPortrait UIInterfaceOrientationPortraitUpsideDown UIInterfaceOrientationLandscapeLeft UIInterfaceOrientationLandscapeRight";
				INFOPLIST_KEY_UISupportedInterfaceOrientations_iPhone = "UIInterfaceOrientationPortrait UIInterfaceOrientationLandscapeLeft UIInterfaceOrientationLandscapeRight";
				LD_RUNPATH_SEARCH_PATHS = (
					"$(inherited)",
					"@executable_path/Frameworks",
				);
				MARKETING_VERSION = 1.0;
				PRODUCT_BUNDLE_IDENTIFIER = pae.TheBreakingOfTheBad;
				PRODUCT_NAME = "$(TARGET_NAME)";
				SWIFT_EMIT_LOC_STRINGS = YES;
				SWIFT_VERSION = 5.0;
				TARGETED_DEVICE_FAMILY = "1,2";
			};
			name = Debug;
		};
		6A85839728634A1D00BC68A7 /* Release */ = {
			isa = XCBuildConfiguration;
			buildSettings = {
				ASSETCATALOG_COMPILER_APPICON_NAME = AppIcon;
				ASSETCATALOG_COMPILER_GLOBAL_ACCENT_COLOR_NAME = AccentColor;
				CODE_SIGN_STYLE = Automatic;
				CURRENT_PROJECT_VERSION = 1;
				DEVELOPMENT_ASSET_PATHS = "\"TheBreakingOfTheBad/Preview Content\"";
				DEVELOPMENT_TEAM = 8K52FAQ674;
				ENABLE_PREVIEWS = YES;
				GENERATE_INFOPLIST_FILE = YES;
				INFOPLIST_KEY_UIApplicationSceneManifest_Generation = YES;
				INFOPLIST_KEY_UIApplicationSupportsIndirectInputEvents = YES;
				INFOPLIST_KEY_UILaunchScreen_Generation = YES;
				INFOPLIST_KEY_UISupportedInterfaceOrientations_iPad = "UIInterfaceOrientationPortrait UIInterfaceOrientationPortraitUpsideDown UIInterfaceOrientationLandscapeLeft UIInterfaceOrientationLandscapeRight";
				INFOPLIST_KEY_UISupportedInterfaceOrientations_iPhone = "UIInterfaceOrientationPortrait UIInterfaceOrientationLandscapeLeft UIInterfaceOrientationLandscapeRight";
				LD_RUNPATH_SEARCH_PATHS = (
					"$(inherited)",
					"@executable_path/Frameworks",
				);
				MARKETING_VERSION = 1.0;
				PRODUCT_BUNDLE_IDENTIFIER = pae.TheBreakingOfTheBad;
				PRODUCT_NAME = "$(TARGET_NAME)";
				SWIFT_EMIT_LOC_STRINGS = YES;
				SWIFT_VERSION = 5.0;
				TARGETED_DEVICE_FAMILY = "1,2";
			};
			name = Release;
		};
/* End XCBuildConfiguration section */

/* Begin XCConfigurationList section */
		6A85838228634A1C00BC68A7 /* Build configuration list for PBXProject "TheBreakingOfTheBad" */ = {
			isa = XCConfigurationList;
			buildConfigurations = (
				6A85839328634A1D00BC68A7 /* Debug */,
				6A85839428634A1D00BC68A7 /* Release */,
			);
			defaultConfigurationIsVisible = 0;
			defaultConfigurationName = Release;
		};
		6A85839528634A1D00BC68A7 /* Build configuration list for PBXNativeTarget "TheBreakingOfTheBad" */ = {
			isa = XCConfigurationList;
			buildConfigurations = (
				6A85839628634A1D00BC68A7 /* Debug */,
				6A85839728634A1D00BC68A7 /* Release */,
			);
			defaultConfigurationIsVisible = 0;
			defaultConfigurationName = Release;
		};
/* End XCConfigurationList section */
	};
	rootObject = 6A85837F28634A1C00BC68A7 /* Project object */;
}
